
Microsoft Visual Studio Solution File, Format Version 12.00
# Visual Studio Version 16
VisualStudioVersion = 16.0.30524.135
MinimumVisualStudioVersion = 10.0.40219.1
Project("{FAE04EC0-301F-11D3-BF4B-00C04F79EFBC}") = "DatingApp-API", "DatingApp-API.csproj", "{49EF88ED-081A-48B8-87EA-B01293B1EC45}"
EndProject
Global
	GlobalSection(SolutionConfigurationPlatforms) = preSolution
		Debug|Any CPU = Debug|Any CPU
		Release|Any CPU = Release|Any CPU
	EndGlobalSection
	GlobalSection(ProjectConfigurationPlatforms) = postSolution
		{49EF88ED-081A-48B8-87EA-B01293B1EC45}.Debug|Any CPU.ActiveCfg = Debug|Any CPU
		{49EF88ED-081A-48B8-87EA-B01293B1EC45}.Debug|Any CPU.Build.0 = Debug|Any CPU
		{49EF88ED-081A-48B8-87EA-B01293B1EC45}.Release|Any CPU.ActiveCfg = Release|Any CPU
		{49EF88ED-081A-48B8-87EA-B01293B1EC45}.Release|Any CPU.Build.0 = Release|Any CPU
	EndGlobalSection
	GlobalSection(SolutionProperties) = preSolution
		HideSolutionNode = FALSE
	EndGlobalSection
	GlobalSection(ExtensibilityGlobals) = postSolution
		SolutionGuid = {80471F69-2001-4810-90B2-096BA26304D8}
	EndGlobalSection
EndGlobal
